
Microsoft Visual Studio Solution File, Format Version 12.00
# Visual Studio Version 16
VisualStudioVersion = 16.0.30804.86
MinimumVisualStudioVersion = 10.0.40219.1
Project("{FAE04EC0-301F-11D3-BF4B-00C04F79EFBC}") = "SalesWebMvc", "SalesWebMvc\SalesWebMvc.csproj", "{0E8F70E6-C771-49A0-95E7-93F29F92B3CE}"
EndProject
Global
	GlobalSection(SolutionConfigurationPlatforms) = preSolution
		Debug|Any CPU = Debug|Any CPU
		Release|Any CPU = Release|Any CPU
	EndGlobalSection
	GlobalSection(ProjectConfigurationPlatforms) = postSolution
		{0E8F70E6-C771-49A0-95E7-93F29F92B3CE}.Debug|Any CPU.ActiveCfg = Debug|Any CPU
		{0E8F70E6-C771-49A0-95E7-93F29F92B3CE}.Debug|Any CPU.Build.0 = Debug|Any CPU
		{0E8F70E6-C771-49A0-95E7-93F29F92B3CE}.Release|Any CPU.ActiveCfg = Release|Any CPU
		{0E8F70E6-C771-49A0-95E7-93F29F92B3CE}.Release|Any CPU.Build.0 = Release|Any CPU
	EndGlobalSection
	GlobalSection(SolutionProperties) = preSolution
		HideSolutionNode = FALSE
	EndGlobalSection
	GlobalSection(ExtensibilityGlobals) = postSolution
		SolutionGuid = {6822C1A8-654F-4D16-9113-2CE8AB75DE0D}
	EndGlobalSection
EndGlobal
